
Microsoft Visual Studio Solution File, Format Version 12.00
# Visual Studio Version 17
VisualStudioVersion = 17.0.31912.275
MinimumVisualStudioVersion = 10.0.40219.1
Project("{2150E333-8FDC-42A3-9474-1A3956D46DE8}") = "Keras", "Keras", "{33573323-0D97-4B84-B374-1825E7E4474C}"
EndProject
Project("{FAE04EC0-301F-11D3-BF4B-00C04F79EFBC}") = "KerasNet.Regression", "KerasNet.Regression\KerasNet.Regression.csproj", "{76D4424F-632D-4EF9-957F-31473638A372}"
EndProject
Global
	GlobalSection(SolutionConfigurationPlatforms) = preSolution
		Debug|Any CPU = Debug|Any CPU
		Release|Any CPU = Release|Any CPU
	EndGlobalSection
	GlobalSection(ProjectConfigurationPlatforms) = postSolution
		{76D4424F-632D-4EF9-957F-31473638A372}.Debug|Any CPU.ActiveCfg = Debug|Any CPU
		{76D4424F-632D-4EF9-957F-31473638A372}.Debug|Any CPU.Build.0 = Debug|Any CPU
		{76D4424F-632D-4EF9-957F-31473638A372}.Release|Any CPU.ActiveCfg = Release|Any CPU
		{76D4424F-632D-4EF9-957F-31473638A372}.Release|Any CPU.Build.0 = Release|Any CPU
	EndGlobalSection
	GlobalSection(SolutionProperties) = preSolution
		HideSolutionNode = FALSE
	EndGlobalSection
	GlobalSection(NestedProjects) = preSolution
		{76D4424F-632D-4EF9-957F-31473638A372} = {33573323-0D97-4B84-B374-1825E7E4474C}
	EndGlobalSection
	GlobalSection(ExtensibilityGlobals) = postSolution
		SolutionGuid = {48457901-19A5-4456-9B5A-1D5E838E056E}
	EndGlobalSection
EndGlobal
